
Microsoft Visual Studio Solution File, Format Version 12.00
# Visual Studio 14
VisualStudioVersion = 14.0.25420.1
MinimumVisualStudioVersion = 10.0.40219.1
Project("{E24C65DC-7377-472B-9ABA-BC803B73C61A}") = "bootStrapProject", "E:\ITI\bootstrap\bootStrapProject\", "{02158313-0251-485A-AF2F-59DC9EFBFBCA}"
	ProjectSection(WebsiteProperties) = preProject
		TargetFrameworkMoniker = ".NETFramework,Version%3Dv4.0"
		Debug.AspNetCompiler.VirtualPath = "/localhost_53397"
		Debug.AspNetCompiler.PhysicalPath = "E:\ITI\bootstrap\bootStrapProject\"
		Debug.AspNetCompiler.TargetPath = "PrecompiledWeb\localhost_53397\"
		Debug.AspNetCompiler.Updateable = "true"
		Debug.AspNetCompiler.ForceOverwrite = "true"
		Debug.AspNetCompiler.FixedNames = "false"
		Debug.AspNetCompiler.Debug = "True"
		Release.AspNetCompiler.VirtualPath = "/localhost_53397"
		Release.AspNetCompiler.PhysicalPath = "E:\ITI\bootstrap\bootStrapProject\"
		Release.AspNetCompiler.TargetPath = "PrecompiledWeb\localhost_53397\"
		Release.AspNetCompiler.Updateable = "true"
		Release.AspNetCompiler.ForceOverwrite = "true"
		Release.AspNetCompiler.FixedNames = "false"
		Release.AspNetCompiler.Debug = "False"
		VWDPort = "53397"
	EndProjectSection
EndProject
Global
	GlobalSection(SolutionConfigurationPlatforms) = preSolution
		Debug|Any CPU = Debug|Any CPU
	EndGlobalSection
	GlobalSection(ProjectConfigurationPlatforms) = postSolution
		{02158313-0251-485A-AF2F-59DC9EFBFBCA}.Debug|Any CPU.ActiveCfg = Debug|Any CPU
		{02158313-0251-485A-AF2F-59DC9EFBFBCA}.Debug|Any CPU.Build.0 = Debug|Any CPU
		{02158313-0251-485A-AF2F-59DC9EFBFBCA}.Debug|Any CPU.Deploy.0 = Debug|Any CPU
	EndGlobalSection
	GlobalSection(SolutionProperties) = preSolution
		HideSolutionNode = FALSE
	EndGlobalSection
EndGlobal
